// !$*UTF8*$!
{
	archiveVersion = 1;
	classes = {
	};
	objectVersion = 55;
	objects = {

/* Begin PBXBuildFile section */
		1799A02D28936B4E00546FC3 /* main.mm in Sources */ = {isa = PBXBuildFile; fileRef = 1799A02C28936B4E00546FC3 /* main.mm */; };
		1799A03528936C2A00546FC3 /* MetalKit.framework in Frameworks */ = {isa = PBXBuildFile; fileRef = 1799A03428936C2A00546FC3 /* MetalKit.framework */; };
		1799A03728936FA000546FC3 /* Foundation.framework in Frameworks */ = {isa = PBXBuildFile; fileRef = 1799A03628936FA000546FC3 /* Foundation.framework */; };
		1799A0392893710D00546FC3 /* Metal.framework in Frameworks */ = {isa = PBXBuildFile; fileRef = 1799A0382893710D00546FC3 /* Metal.framework */; };
		1799A03B289374DB00546FC3 /* AppKit.framework in Frameworks */ = {isa = PBXBuildFile; fileRef = 1799A03A289374DB00546FC3 /* AppKit.framework */; };
		1799A03E289375AE00546FC3 /* MTKViewRenderer.mm in Sources */ = {isa = PBXBuildFile; fileRef = 1799A03C289375AE00546FC3 /* MTKViewRenderer.mm */; };
		1799A04B2893948500546FC3 /* Metal.framework in Frameworks */ = {isa = PBXBuildFile; fileRef = 1799A0382893710D00546FC3 /* Metal.framework */; };
		1799A04C2893948500546FC3 /* MetalKit.framework in Frameworks */ = {isa = PBXBuildFile; fileRef = 1799A03428936C2A00546FC3 /* MetalKit.framework */; };
		1799A04D2893948B00546FC3 /* Foundation.framework in Frameworks */ = {isa = PBXBuildFile; fileRef = 1799A03628936FA000546FC3 /* Foundation.framework */; };
		1799A04E2893949000546FC3 /* AppKit.framework in Frameworks */ = {isa = PBXBuildFile; fileRef = 1799A03A289374DB00546FC3 /* AppKit.framework */; };
		1799A052289394C000546FC3 /* MTKViewRenderer.mm in Sources */ = {isa = PBXBuildFile; fileRef = 1799A04F289394C000546FC3 /* MTKViewRenderer.mm */; };
		1799A053289394C000546FC3 /* main.mm in Sources */ = {isa = PBXBuildFile; fileRef = 1799A050289394C000546FC3 /* main.mm */; };
		1799A05B28968C7200546FC3 /* main.mm in Sources */ = {isa = PBXBuildFile; fileRef = 1799A05A28968C7200546FC3 /* main.mm */; };
		1799A05F28968E5700546FC3 /* MetalKit.framework in Frameworks */ = {isa = PBXBuildFile; fileRef = 1799A03428936C2A00546FC3 /* MetalKit.framework */; };
		1799A06028968E6000546FC3 /* Metal.framework in Frameworks */ = {isa = PBXBuildFile; fileRef = 1799A0382893710D00546FC3 /* Metal.framework */; };
		1799A06228968FF800546FC3 /* ModelIO.framework in Frameworks */ = {isa = PBXBuildFile; fileRef = 1799A06128968FF800546FC3 /* ModelIO.framework */; };
		1799A0652896990200546FC3 /* MTKModelRenderer.mm in Sources */ = {isa = PBXBuildFile; fileRef = 1799A0632896990200546FC3 /* MTKModelRenderer.mm */; };
		1799A067289699B500546FC3 /* AppKit.framework in Frameworks */ = {isa = PBXBuildFile; fileRef = 1799A03A289374DB00546FC3 /* AppKit.framework */; };
		1799A06F2896A46600546FC3 /* main.mm in Sources */ = {isa = PBXBuildFile; fileRef = 1799A06E2896A46600546FC3 /* main.mm */; };
		1799A0732896A47E00546FC3 /* Metal.framework in Frameworks */ = {isa = PBXBuildFile; fileRef = 1799A0382893710D00546FC3 /* Metal.framework */; };
		1799A0742896A47E00546FC3 /* MetalKit.framework in Frameworks */ = {isa = PBXBuildFile; fileRef = 1799A03428936C2A00546FC3 /* MetalKit.framework */; };
		1799A0752896A48400546FC3 /* AppKit.framework in Frameworks */ = {isa = PBXBuildFile; fileRef = 1799A03A289374DB00546FC3 /* AppKit.framework */; };
		1799A0762896A48800546FC3 /* ModelIO.framework in Frameworks */ = {isa = PBXBuildFile; fileRef = 1799A06128968FF800546FC3 /* ModelIO.framework */; };
		1799A0792896A4EC00546FC3 /* MTK3DModelRenderer.mm in Sources */ = {isa = PBXBuildFile; fileRef = 1799A0772896A4EC00546FC3 /* MTK3DModelRenderer.mm */; };
		17D9AE3028BCDE03004F10EC /* main.mm in Sources */ = {isa = PBXBuildFile; fileRef = 17D9AE2E28BCDDE8004F10EC /* main.mm */; };
		17D9AE3128BCDE03004F10EC /* MTKCameraTextureRenderer.mm in Sources */ = {isa = PBXBuildFile; fileRef = 17D9AE2D28BCDDE8004F10EC /* MTKCameraTextureRenderer.mm */; };
		17D9AE3228BCDE16004F10EC /* AppKit.framework in Frameworks */ = {isa = PBXBuildFile; fileRef = 1799A03A289374DB00546FC3 /* AppKit.framework */; };
		17D9AE3328BCDE1C004F10EC /* Metal.framework in Frameworks */ = {isa = PBXBuildFile; fileRef = 1799A0382893710D00546FC3 /* Metal.framework */; };
		17D9AE3428BCDE1C004F10EC /* MetalKit.framework in Frameworks */ = {isa = PBXBuildFile; fileRef = 1799A03428936C2A00546FC3 /* MetalKit.framework */; };
		17D9AE3528BCDE33004F10EC /* ModelIO.framework in Frameworks */ = {isa = PBXBuildFile; fileRef = 1799A06128968FF800546FC3 /* ModelIO.framework */; };
		17D9AE3728BCDE8A004F10EC /* CoreVideo.framework in Frameworks */ = {isa = PBXBuildFile; fileRef = 17D9AE3628BCDE8A004F10EC /* CoreVideo.framework */; };
/* End PBXBuildFile section */

/* Begin PBXCopyFilesBuildPhase section */
		1799A02728936B4E00546FC3 /* CopyFiles */ = {
			isa = PBXCopyFilesBuildPhase;
			buildActionMask = 2147483647;
			dstPath = /usr/share/man/man1/;
			dstSubfolderSpec = 0;
			files = (
			);
			runOnlyForDeploymentPostprocessing = 1;
		};
		1799A0422893947900546FC3 /* CopyFiles */ = {
			isa = PBXCopyFilesBuildPhase;
			buildActionMask = 2147483647;
			dstPath = /usr/share/man/man1/;
			dstSubfolderSpec = 0;
			files = (
			);
			runOnlyForDeploymentPostprocessing = 1;
		};
		1799A05628968C7200546FC3 /* CopyFiles */ = {
			isa = PBXCopyFilesBuildPhase;
			buildActionMask = 2147483647;
			dstPath = /usr/share/man/man1/;
			dstSubfolderSpec = 0;
			files = (
			);
			runOnlyForDeploymentPostprocessing = 1;
		};
		1799A06A2896A46600546FC3 /* CopyFiles */ = {
			isa = PBXCopyFilesBuildPhase;
			buildActionMask = 2147483647;
			dstPath = /usr/share/man/man1/;
			dstSubfolderSpec = 0;
			files = (
			);
			runOnlyForDeploymentPostprocessing = 1;
		};
		17D9AE2128BCDCFB004F10EC /* CopyFiles */ = {
			isa = PBXCopyFilesBuildPhase;
			buildActionMask = 2147483647;
			dstPath = /usr/share/man/man1/;
			dstSubfolderSpec = 0;
			files = (
			);
			runOnlyForDeploymentPostprocessing = 1;
		};
/* End PBXCopyFilesBuildPhase section */

/* Begin PBXFileReference section */
		1799A02928936B4E00546FC3 /* clear_color */ = {isa = PBXFileReference; explicitFileType = "compiled.mach-o.executable"; includeInIndex = 0; path = clear_color; sourceTree = BUILT_PRODUCTS_DIR; };
		1799A02C28936B4E00546FC3 /* main.mm */ = {isa = PBXFileReference; lastKnownFileType = sourcecode.cpp.objcpp; path = main.mm; sourceTree = "<group>"; };
		1799A03428936C2A00546FC3 /* MetalKit.framework */ = {isa = PBXFileReference; lastKnownFileType = wrapper.framework; name = MetalKit.framework; path = System/Library/Frameworks/MetalKit.framework; sourceTree = SDKROOT; };
		1799A03628936FA000546FC3 /* Foundation.framework */ = {isa = PBXFileReference; lastKnownFileType = wrapper.framework; name = Foundation.framework; path = System/Library/Frameworks/Foundation.framework; sourceTree = SDKROOT; };
		1799A0382893710D00546FC3 /* Metal.framework */ = {isa = PBXFileReference; lastKnownFileType = wrapper.framework; name = Metal.framework; path = System/Library/Frameworks/Metal.framework; sourceTree = SDKROOT; };
		1799A03A289374DB00546FC3 /* AppKit.framework */ = {isa = PBXFileReference; lastKnownFileType = wrapper.framework; name = AppKit.framework; path = System/Library/Frameworks/AppKit.framework; sourceTree = SDKROOT; };
		1799A03C289375AE00546FC3 /* MTKViewRenderer.mm */ = {isa = PBXFileReference; lastKnownFileType = sourcecode.cpp.objcpp; path = MTKViewRenderer.mm; sourceTree = "<group>"; };
		1799A03D289375AE00546FC3 /* MTKViewRenderer.h */ = {isa = PBXFileReference; lastKnownFileType = sourcecode.c.h; path = MTKViewRenderer.h; sourceTree = "<group>"; };
		1799A0442893947900546FC3 /* triangle */ = {isa = PBXFileReference; explicitFileType = "compiled.mach-o.executable"; includeInIndex = 0; path = triangle; sourceTree = BUILT_PRODUCTS_DIR; };
		1799A04F289394C000546FC3 /* MTKViewRenderer.mm */ = {isa = PBXFileReference; fileEncoding = 4; lastKnownFileType = sourcecode.cpp.objcpp; path = MTKViewRenderer.mm; sourceTree = "<group>"; };
		1799A050289394C000546FC3 /* main.mm */ = {isa = PBXFileReference; fileEncoding = 4; lastKnownFileType = sourcecode.cpp.objcpp; path = main.mm; sourceTree = "<group>"; };
		1799A051289394C000546FC3 /* MTKViewRenderer.h */ = {isa = PBXFileReference; fileEncoding = 4; lastKnownFileType = sourcecode.c.h; path = MTKViewRenderer.h; sourceTree = "<group>"; };
		1799A05828968C7200546FC3 /* model */ = {isa = PBXFileReference; explicitFileType = "compiled.mach-o.executable"; includeInIndex = 0; path = model; sourceTree = BUILT_PRODUCTS_DIR; };
		1799A05A28968C7200546FC3 /* main.mm */ = {isa = PBXFileReference; lastKnownFileType = sourcecode.cpp.objcpp; path = main.mm; sourceTree = "<group>"; };
		1799A06128968FF800546FC3 /* ModelIO.framework */ = {isa = PBXFileReference; lastKnownFileType = wrapper.framework; name = ModelIO.framework; path = System/Library/Frameworks/ModelIO.framework; sourceTree = SDKROOT; };
		1799A0632896990200546FC3 /* MTKModelRenderer.mm */ = {isa = PBXFileReference; lastKnownFileType = sourcecode.cpp.objcpp; path = MTKModelRenderer.mm; sourceTree = "<group>"; };
		1799A0642896990200546FC3 /* MTKModelRenderer.h */ = {isa = PBXFileReference; explicitFileType = sourcecode.cpp.h; path = MTKModelRenderer.h; sourceTree = "<group>"; };
		1799A06C2896A46600546FC3 /* 3d_model */ = {isa = PBXFileReference; explicitFileType = "compiled.mach-o.executable"; includeInIndex = 0; path = 3d_model; sourceTree = BUILT_PRODUCTS_DIR; };
		1799A06E2896A46600546FC3 /* main.mm */ = {isa = PBXFileReference; lastKnownFileType = sourcecode.cpp.objcpp; path = main.mm; sourceTree = "<group>"; };
		1799A0772896A4EC00546FC3 /* MTK3DModelRenderer.mm */ = {isa = PBXFileReference; fileEncoding = 4; lastKnownFileType = sourcecode.cpp.objcpp; path = MTK3DModelRenderer.mm; sourceTree = "<group>"; };
		1799A0782896A4EC00546FC3 /* MTK3DModelRenderer.h */ = {isa = PBXFileReference; fileEncoding = 4; lastKnownFileType = sourcecode.c.h; path = MTK3DModelRenderer.h; sourceTree = "<group>"; };
		17D9AE2328BCDCFB004F10EC /* camera_to_texture */ = {isa = PBXFileReference; explicitFileType = "compiled.mach-o.executable"; includeInIndex = 0; path = camera_to_texture; sourceTree = BUILT_PRODUCTS_DIR; };
		17D9AE2D28BCDDE8004F10EC /* MTKCameraTextureRenderer.mm */ = {isa = PBXFileReference; lastKnownFileType = sourcecode.cpp.objcpp; path = MTKCameraTextureRenderer.mm; sourceTree = "<group>"; };
		17D9AE2E28BCDDE8004F10EC /* main.mm */ = {isa = PBXFileReference; lastKnownFileType = sourcecode.cpp.objcpp; path = main.mm; sourceTree = "<group>"; };
		17D9AE2F28BCDDE8004F10EC /* MTKCameraTextureRenderer.h */ = {isa = PBXFileReference; lastKnownFileType = sourcecode.c.h; path = MTKCameraTextureRenderer.h; sourceTree = "<group>"; };
		17D9AE3628BCDE8A004F10EC /* CoreVideo.framework */ = {isa = PBXFileReference; lastKnownFileType = wrapper.framework; name = CoreVideo.framework; path = System/Library/Frameworks/CoreVideo.framework; sourceTree = SDKROOT; };
/* End PBXFileReference section */

/* Begin PBXFrameworksBuildPhase section */
		1799A02628936B4E00546FC3 /* Frameworks */ = {
			isa = PBXFrameworksBuildPhase;
			buildActionMask = 2147483647;
			files = (
				1799A03528936C2A00546FC3 /* MetalKit.framework in Frameworks */,
				1799A03B289374DB00546FC3 /* AppKit.framework in Frameworks */,
				1799A0392893710D00546FC3 /* Metal.framework in Frameworks */,
				1799A03728936FA000546FC3 /* Foundation.framework in Frameworks */,
			);
			runOnlyForDeploymentPostprocessing = 0;
		};
		1799A0412893947900546FC3 /* Frameworks */ = {
			isa = PBXFrameworksBuildPhase;
			buildActionMask = 2147483647;
			files = (
				1799A04B2893948500546FC3 /* Metal.framework in Frameworks */,
				1799A04E2893949000546FC3 /* AppKit.framework in Frameworks */,
				1799A04D2893948B00546FC3 /* Foundation.framework in Frameworks */,
				1799A04C2893948500546FC3 /* MetalKit.framework in Frameworks */,
			);
			runOnlyForDeploymentPostprocessing = 0;
		};
		1799A05528968C7200546FC3 /* Frameworks */ = {
			isa = PBXFrameworksBuildPhase;
			buildActionMask = 2147483647;
			files = (
				1799A06228968FF800546FC3 /* ModelIO.framework in Frameworks */,
				1799A067289699B500546FC3 /* AppKit.framework in Frameworks */,
				1799A06028968E6000546FC3 /* Metal.framework in Frameworks */,
				1799A05F28968E5700546FC3 /* MetalKit.framework in Frameworks */,
			);
			runOnlyForDeploymentPostprocessing = 0;
		};
		1799A0692896A46600546FC3 /* Frameworks */ = {
			isa = PBXFrameworksBuildPhase;
			buildActionMask = 2147483647;
			files = (
				1799A0752896A48400546FC3 /* AppKit.framework in Frameworks */,
				1799A0732896A47E00546FC3 /* Metal.framework in Frameworks */,
				1799A0762896A48800546FC3 /* ModelIO.framework in Frameworks */,
				1799A0742896A47E00546FC3 /* MetalKit.framework in Frameworks */,
			);
			runOnlyForDeploymentPostprocessing = 0;
		};
		17D9AE2028BCDCFB004F10EC /* Frameworks */ = {
			isa = PBXFrameworksBuildPhase;
			buildActionMask = 2147483647;
			files = (
				17D9AE3428BCDE1C004F10EC /* MetalKit.framework in Frameworks */,
				17D9AE3328BCDE1C004F10EC /* Metal.framework in Frameworks */,
				17D9AE3528BCDE33004F10EC /* ModelIO.framework in Frameworks */,
				17D9AE3228BCDE16004F10EC /* AppKit.framework in Frameworks */,
				17D9AE3728BCDE8A004F10EC /* CoreVideo.framework in Frameworks */,
			);
			runOnlyForDeploymentPostprocessing = 0;
		};
/* End PBXFrameworksBuildPhase section */

/* Begin PBXGroup section */
		1799A02028936B4E00546FC3 = {
			isa = PBXGroup;
			children = (
				17D9AE2C28BCDDE8004F10EC /* camera_to_texture */,
				1799A02B28936B4E00546FC3 /* clear_color */,
				1799A0452893947900546FC3 /* triangle */,
				1799A05928968C7200546FC3 /* model */,
				1799A06D2896A46600546FC3 /* 3d_model */,
				1799A02A28936B4E00546FC3 /* Products */,
				1799A03328936C2A00546FC3 /* Frameworks */,
			);
			sourceTree = "<group>";
		};
		1799A02A28936B4E00546FC3 /* Products */ = {
			isa = PBXGroup;
			children = (
				1799A02928936B4E00546FC3 /* clear_color */,
				1799A0442893947900546FC3 /* triangle */,
				1799A05828968C7200546FC3 /* model */,
				1799A06C2896A46600546FC3 /* 3d_model */,
				17D9AE2328BCDCFB004F10EC /* camera_to_texture */,
			);
			name = Products;
			sourceTree = "<group>";
		};
		1799A02B28936B4E00546FC3 /* clear_color */ = {
			isa = PBXGroup;
			children = (
				1799A02C28936B4E00546FC3 /* main.mm */,
				1799A03C289375AE00546FC3 /* MTKViewRenderer.mm */,
				1799A03D289375AE00546FC3 /* MTKViewRenderer.h */,
			);
			path = clear_color;
			sourceTree = "<group>";
		};
		1799A03328936C2A00546FC3 /* Frameworks */ = {
			isa = PBXGroup;
			children = (
				17D9AE3628BCDE8A004F10EC /* CoreVideo.framework */,
				1799A06128968FF800546FC3 /* ModelIO.framework */,
				1799A03A289374DB00546FC3 /* AppKit.framework */,
				1799A0382893710D00546FC3 /* Metal.framework */,
				1799A03628936FA000546FC3 /* Foundation.framework */,
				1799A03428936C2A00546FC3 /* MetalKit.framework */,
			);
			name = Frameworks;
			sourceTree = "<group>";
		};
		1799A0452893947900546FC3 /* triangle */ = {
			isa = PBXGroup;
			children = (
				1799A050289394C000546FC3 /* main.mm */,
				1799A051289394C000546FC3 /* MTKViewRenderer.h */,
				1799A04F289394C000546FC3 /* MTKViewRenderer.mm */,
			);
			path = triangle;
			sourceTree = "<group>";
		};
		1799A05928968C7200546FC3 /* model */ = {
			isa = PBXGroup;
			children = (
				1799A05A28968C7200546FC3 /* main.mm */,
				1799A0642896990200546FC3 /* MTKModelRenderer.h */,
				1799A0632896990200546FC3 /* MTKModelRenderer.mm */,
			);
			path = model;
			sourceTree = "<group>";
		};
		1799A06D2896A46600546FC3 /* 3d_model */ = {
			isa = PBXGroup;
			children = (
				1799A06E2896A46600546FC3 /* main.mm */,
				1799A0782896A4EC00546FC3 /* MTK3DModelRenderer.h */,
				1799A0772896A4EC00546FC3 /* MTK3DModelRenderer.mm */,
			);
			path = 3d_model;
			sourceTree = "<group>";
		};
		17D9AE2C28BCDDE8004F10EC /* camera_to_texture */ = {
			isa = PBXGroup;
			children = (
				17D9AE2E28BCDDE8004F10EC /* main.mm */,
				17D9AE2F28BCDDE8004F10EC /* MTKCameraTextureRenderer.h */,
				17D9AE2D28BCDDE8004F10EC /* MTKCameraTextureRenderer.mm */,
			);
			path = camera_to_texture;
			sourceTree = "<group>";
		};
/* End PBXGroup section */

/* Begin PBXNativeTarget section */
		1799A02828936B4E00546FC3 /* clear_color */ = {
			isa = PBXNativeTarget;
			buildConfigurationList = 1799A03028936B4E00546FC3 /* Build configuration list for PBXNativeTarget "clear_color" */;
			buildPhases = (
				1799A02528936B4E00546FC3 /* Sources */,
				1799A02628936B4E00546FC3 /* Frameworks */,
				1799A02728936B4E00546FC3 /* CopyFiles */,
			);
			buildRules = (
			);
			dependencies = (
			);
			name = clear_color;
			productName = "metal-test";
			productReference = 1799A02928936B4E00546FC3 /* clear_color */;
			productType = "com.apple.product-type.tool";
		};
		1799A0432893947900546FC3 /* triangle */ = {
			isa = PBXNativeTarget;
			buildConfigurationList = 1799A0482893947900546FC3 /* Build configuration list for PBXNativeTarget "triangle" */;
			buildPhases = (
				1799A0402893947900546FC3 /* Sources */,
				1799A0412893947900546FC3 /* Frameworks */,
				1799A0422893947900546FC3 /* CopyFiles */,
			);
			buildRules = (
			);
			dependencies = (
			);
			name = triangle;
			productName = triangle;
			productReference = 1799A0442893947900546FC3 /* triangle */;
			productType = "com.apple.product-type.tool";
		};
		1799A05728968C7200546FC3 /* model */ = {
			isa = PBXNativeTarget;
			buildConfigurationList = 1799A05C28968C7200546FC3 /* Build configuration list for PBXNativeTarget "model" */;
			buildPhases = (
				1799A05428968C7200546FC3 /* Sources */,
				1799A05528968C7200546FC3 /* Frameworks */,
				1799A05628968C7200546FC3 /* CopyFiles */,
			);
			buildRules = (
			);
			dependencies = (
			);
			name = model;
			productName = 3d_model;
			productReference = 1799A05828968C7200546FC3 /* model */;
			productType = "com.apple.product-type.tool";
		};
		1799A06B2896A46600546FC3 /* 3d_model */ = {
			isa = PBXNativeTarget;
			buildConfigurationList = 1799A0722896A46600546FC3 /* Build configuration list for PBXNativeTarget "3d_model" */;
			buildPhases = (
				1799A0682896A46600546FC3 /* Sources */,
				1799A0692896A46600546FC3 /* Frameworks */,
				1799A06A2896A46600546FC3 /* CopyFiles */,
			);
			buildRules = (
			);
			dependencies = (
			);
			name = 3d_model;
			productName = 3d_model;
			productReference = 1799A06C2896A46600546FC3 /* 3d_model */;
			productType = "com.apple.product-type.tool";
		};
		17D9AE2228BCDCFB004F10EC /* camera_to_texture */ = {
			isa = PBXNativeTarget;
			buildConfigurationList = 17D9AE2928BCDCFB004F10EC /* Build configuration list for PBXNativeTarget "camera_to_texture" */;
			buildPhases = (
				17D9AE1F28BCDCFB004F10EC /* Sources */,
				17D9AE2028BCDCFB004F10EC /* Frameworks */,
				17D9AE2128BCDCFB004F10EC /* CopyFiles */,
			);
			buildRules = (
			);
			dependencies = (
			);
			name = camera_to_texture;
			productName = camera_to_texture;
			productReference = 17D9AE2328BCDCFB004F10EC /* camera_to_texture */;
			productType = "com.apple.product-type.tool";
		};
/* End PBXNativeTarget section */

/* Begin PBXProject section */
		1799A02128936B4E00546FC3 /* Project object */ = {
			isa = PBXProject;
			attributes = {
				BuildIndependentTargetsInParallel = 1;
				LastUpgradeCheck = 1340;
				TargetAttributes = {
					1799A02828936B4E00546FC3 = {
						CreatedOnToolsVersion = 13.4;
					};
					1799A0432893947900546FC3 = {
						CreatedOnToolsVersion = 13.4;
					};
					1799A05728968C7200546FC3 = {
						CreatedOnToolsVersion = 13.4;
					};
					1799A06B2896A46600546FC3 = {
						CreatedOnToolsVersion = 13.4;
					};
					17D9AE2228BCDCFB004F10EC = {
						CreatedOnToolsVersion = 13.4;
					};
				};
			};
			buildConfigurationList = 1799A02428936B4E00546FC3 /* Build configuration list for PBXProject "metal-test" */;
			compatibilityVersion = "Xcode 13.0";
			developmentRegion = en;
			hasScannedForEncodings = 0;
			knownRegions = (
				en,
				Base,
			);
			mainGroup = 1799A02028936B4E00546FC3;
			productRefGroup = 1799A02A28936B4E00546FC3 /* Products */;
			projectDirPath = "";
			projectRoot = "";
			targets = (
				1799A02828936B4E00546FC3 /* clear_color */,
				1799A0432893947900546FC3 /* triangle */,
				1799A05728968C7200546FC3 /* model */,
				1799A06B2896A46600546FC3 /* 3d_model */,
				17D9AE2228BCDCFB004F10EC /* camera_to_texture */,
			);
		};
/* End PBXProject section */

/* Begin PBXSourcesBuildPhase section */
		1799A02528936B4E00546FC3 /* Sources */ = {
			isa = PBXSourcesBuildPhase;
			buildActionMask = 2147483647;
			files = (
				1799A03E289375AE00546FC3 /* MTKViewRenderer.mm in Sources */,
				1799A02D28936B4E00546FC3 /* main.mm in Sources */,
			);
			runOnlyForDeploymentPostprocessing = 0;
		};
		1799A0402893947900546FC3 /* Sources */ = {
			isa = PBXSourcesBuildPhase;
			buildActionMask = 2147483647;
			files = (
				1799A053289394C000546FC3 /* main.mm in Sources */,
				1799A052289394C000546FC3 /* MTKViewRenderer.mm in Sources */,
			);
			runOnlyForDeploymentPostprocessing = 0;
		};
		1799A05428968C7200546FC3 /* Sources */ = {
			isa = PBXSourcesBuildPhase;
			buildActionMask = 2147483647;
			files = (
				1799A05B28968C7200546FC3 /* main.mm in Sources */,
				1799A0652896990200546FC3 /* MTKModelRenderer.mm in Sources */,
			);
			runOnlyForDeploymentPostprocessing = 0;
		};
		1799A0682896A46600546FC3 /* Sources */ = {
			isa = PBXSourcesBuildPhase;
			buildActionMask = 2147483647;
			files = (
				1799A0792896A4EC00546FC3 /* MTK3DModelRenderer.mm in Sources */,
				1799A06F2896A46600546FC3 /* main.mm in Sources */,
			);
			runOnlyForDeploymentPostprocessing = 0;
		};
		17D9AE1F28BCDCFB004F10EC /* Sources */ = {
			isa = PBXSourcesBuildPhase;
			buildActionMask = 2147483647;
			files = (
				17D9AE3028BCDE03004F10EC /* main.mm in Sources */,
				17D9AE3128BCDE03004F10EC /* MTKCameraTextureRenderer.mm in Sources */,
			);
			runOnlyForDeploymentPostprocessing = 0;
		};
/* End PBXSourcesBuildPhase section */

/* Begin XCBuildConfiguration section */
		1799A02E28936B4E00546FC3 /* Debug */ = {
			isa = XCBuildConfiguration;
			buildSettings = {
				ALWAYS_SEARCH_USER_PATHS = NO;
				CLANG_ANALYZER_NONNULL = YES;
				CLANG_ANALYZER_NUMBER_OBJECT_CONVERSION = YES_AGGRESSIVE;
				CLANG_CXX_LANGUAGE_STANDARD = "gnu++17";
				CLANG_ENABLE_MODULES = YES;
				CLANG_ENABLE_OBJC_ARC = YES;
				CLANG_ENABLE_OBJC_WEAK = YES;
				CLANG_WARN_BLOCK_CAPTURE_AUTORELEASING = YES;
				CLANG_WARN_BOOL_CONVERSION = YES;
				CLANG_WARN_COMMA = YES;
				CLANG_WARN_CONSTANT_CONVERSION = YES;
				CLANG_WARN_DEPRECATED_OBJC_IMPLEMENTATIONS = YES;
				CLANG_WARN_DIRECT_OBJC_ISA_USAGE = YES_ERROR;
				CLANG_WARN_DOCUMENTATION_COMMENTS = YES;
				CLANG_WARN_EMPTY_BODY = YES;
				CLANG_WARN_ENUM_CONVERSION = YES;
				CLANG_WARN_INFINITE_RECURSION = YES;
				CLANG_WARN_INT_CONVERSION = YES;
				CLANG_WARN_NON_LITERAL_NULL_CONVERSION = YES;
				CLANG_WARN_OBJC_IMPLICIT_RETAIN_SELF = YES;
				CLANG_WARN_OBJC_LITERAL_CONVERSION = YES;
				CLANG_WARN_OBJC_ROOT_CLASS = YES_ERROR;
				CLANG_WARN_QUOTED_INCLUDE_IN_FRAMEWORK_HEADER = YES;
				CLANG_WARN_RANGE_LOOP_ANALYSIS = YES;
				CLANG_WARN_STRICT_PROTOTYPES = YES;
				CLANG_WARN_SUSPICIOUS_MOVE = YES;
				CLANG_WARN_UNGUARDED_AVAILABILITY = YES_AGGRESSIVE;
				CLANG_WARN_UNREACHABLE_CODE = YES;
				CLANG_WARN__DUPLICATE_METHOD_MATCH = YES;
				COPY_PHASE_STRIP = NO;
				DEBUG_INFORMATION_FORMAT = dwarf;
				ENABLE_STRICT_OBJC_MSGSEND = YES;
				ENABLE_TESTABILITY = YES;
				GCC_C_LANGUAGE_STANDARD = gnu11;
				GCC_DYNAMIC_NO_PIC = NO;
				GCC_NO_COMMON_BLOCKS = YES;
				GCC_OPTIMIZATION_LEVEL = 0;
				GCC_PREPROCESSOR_DEFINITIONS = (
					"DEBUG=1",
					"$(inherited)",
				);
				GCC_WARN_64_TO_32_BIT_CONVERSION = YES;
				GCC_WARN_ABOUT_RETURN_TYPE = YES_ERROR;
				GCC_WARN_UNDECLARED_SELECTOR = YES;
				GCC_WARN_UNINITIALIZED_AUTOS = YES_AGGRESSIVE;
				GCC_WARN_UNUSED_FUNCTION = YES;
				GCC_WARN_UNUSED_VARIABLE = YES;
				MACOSX_DEPLOYMENT_TARGET = 12.2;
				MTL_ENABLE_DEBUG_INFO = INCLUDE_SOURCE;
				MTL_FAST_MATH = YES;
				ONLY_ACTIVE_ARCH = YES;
				SDKROOT = macosx;
			};
			name = Debug;
		};
		1799A02F28936B4E00546FC3 /* Release */ = {
			isa = XCBuildConfiguration;
			buildSettings = {
				ALWAYS_SEARCH_USER_PATHS = NO;
				CLANG_ANALYZER_NONNULL = YES;
				CLANG_ANALYZER_NUMBER_OBJECT_CONVERSION = YES_AGGRESSIVE;
				CLANG_CXX_LANGUAGE_STANDARD = "gnu++17";
				CLANG_ENABLE_MODULES = YES;
				CLANG_ENABLE_OBJC_ARC = YES;
				CLANG_ENABLE_OBJC_WEAK = YES;
				CLANG_WARN_BLOCK_CAPTURE_AUTORELEASING = YES;
				CLANG_WARN_BOOL_CONVERSION = YES;
				CLANG_WARN_COMMA = YES;
				CLANG_WARN_CONSTANT_CONVERSION = YES;
				CLANG_WARN_DEPRECATED_OBJC_IMPLEMENTATIONS = YES;
				CLANG_WARN_DIRECT_OBJC_ISA_USAGE = YES_ERROR;
				CLANG_WARN_DOCUMENTATION_COMMENTS = YES;
				CLANG_WARN_EMPTY_BODY = YES;
				CLANG_WARN_ENUM_CONVERSION = YES;
				CLANG_WARN_INFINITE_RECURSION = YES;
				CLANG_WARN_INT_CONVERSION = YES;
				CLANG_WARN_NON_LITERAL_NULL_CONVERSION = YES;
				CLANG_WARN_OBJC_IMPLICIT_RETAIN_SELF = YES;
				CLANG_WARN_OBJC_LITERAL_CONVERSION = YES;
				CLANG_WARN_OBJC_ROOT_CLASS = YES_ERROR;
				CLANG_WARN_QUOTED_INCLUDE_IN_FRAMEWORK_HEADER = YES;
				CLANG_WARN_RANGE_LOOP_ANALYSIS = YES;
				CLANG_WARN_STRICT_PROTOTYPES = YES;
				CLANG_WARN_SUSPICIOUS_MOVE = YES;
				CLANG_WARN_UNGUARDED_AVAILABILITY = YES_AGGRESSIVE;
				CLANG_WARN_UNREACHABLE_CODE = YES;
				CLANG_WARN__DUPLICATE_METHOD_MATCH = YES;
				COPY_PHASE_STRIP = NO;
				DEBUG_INFORMATION_FORMAT = "dwarf-with-dsym";
				ENABLE_NS_ASSERTIONS = NO;
				ENABLE_STRICT_OBJC_MSGSEND = YES;
				GCC_C_LANGUAGE_STANDARD = gnu11;
				GCC_NO_COMMON_BLOCKS = YES;
				GCC_WARN_64_TO_32_BIT_CONVERSION = YES;
				GCC_WARN_ABOUT_RETURN_TYPE = YES_ERROR;
				GCC_WARN_UNDECLARED_SELECTOR = YES;
				GCC_WARN_UNINITIALIZED_AUTOS = YES_AGGRESSIVE;
				GCC_WARN_UNUSED_FUNCTION = YES;
				GCC_WARN_UNUSED_VARIABLE = YES;
				MACOSX_DEPLOYMENT_TARGET = 12.2;
				MTL_ENABLE_DEBUG_INFO = NO;
				MTL_FAST_MATH = YES;
				SDKROOT = macosx;
			};
			name = Release;
		};
		1799A03128936B4E00546FC3 /* Debug */ = {
			isa = XCBuildConfiguration;
			buildSettings = {
				CODE_SIGN_STYLE = Automatic;
				PRODUCT_NAME = "$(TARGET_NAME)";
			};
			name = Debug;
		};
		1799A03228936B4E00546FC3 /* Release */ = {
			isa = XCBuildConfiguration;
			buildSettings = {
				CODE_SIGN_STYLE = Automatic;
				PRODUCT_NAME = "$(TARGET_NAME)";
			};
			name = Release;
		};
		1799A0492893947900546FC3 /* Debug */ = {
			isa = XCBuildConfiguration;
			buildSettings = {
				CODE_SIGN_STYLE = Automatic;
				PRODUCT_NAME = "$(TARGET_NAME)";
			};
			name = Debug;
		};
		1799A04A2893947900546FC3 /* Release */ = {
			isa = XCBuildConfiguration;
			buildSettings = {
				CODE_SIGN_STYLE = Automatic;
				PRODUCT_NAME = "$(TARGET_NAME)";
			};
			name = Release;
		};
		1799A05D28968C7200546FC3 /* Debug */ = {
			isa = XCBuildConfiguration;
			buildSettings = {
				CODE_SIGN_STYLE = Automatic;
				PRODUCT_NAME = "$(TARGET_NAME)";
			};
			name = Debug;
		};
		1799A05E28968C7200546FC3 /* Release */ = {
			isa = XCBuildConfiguration;
			buildSettings = {
				CODE_SIGN_STYLE = Automatic;
				PRODUCT_NAME = "$(TARGET_NAME)";
			};
			name = Release;
		};
		1799A0702896A46600546FC3 /* Debug */ = {
			isa = XCBuildConfiguration;
			buildSettings = {
				CODE_SIGN_STYLE = Automatic;
				PRODUCT_NAME = "$(TARGET_NAME)";
			};
			name = Debug;
		};
		1799A0712896A46600546FC3 /* Release */ = {
			isa = XCBuildConfiguration;
			buildSettings = {
				CODE_SIGN_STYLE = Automatic;
				PRODUCT_NAME = "$(TARGET_NAME)";
			};
			name = Release;
		};
		17D9AE2728BCDCFB004F10EC /* Debug */ = {
			isa = XCBuildConfiguration;
			buildSettings = {
				CODE_SIGN_STYLE = Automatic;
				PRODUCT_NAME = "$(TARGET_NAME)";
			};
			name = Debug;
		};
		17D9AE2828BCDCFB004F10EC /* Release */ = {
			isa = XCBuildConfiguration;
			buildSettings = {
				CODE_SIGN_STYLE = Automatic;
				PRODUCT_NAME = "$(TARGET_NAME)";
			};
			name = Release;
		};
/* End XCBuildConfiguration section */

/* Begin XCConfigurationList section */
		1799A02428936B4E00546FC3 /* Build configuration list for PBXProject "metal-test" */ = {
			isa = XCConfigurationList;
			buildConfigurations = (
				1799A02E28936B4E00546FC3 /* Debug */,
				1799A02F28936B4E00546FC3 /* Release */,
			);
			defaultConfigurationIsVisible = 0;
			defaultConfigurationName = Release;
		};
		1799A03028936B4E00546FC3 /* Build configuration list for PBXNativeTarget "clear_color" */ = {
			isa = XCConfigurationList;
			buildConfigurations = (
				1799A03128936B4E00546FC3 /* Debug */,
				1799A03228936B4E00546FC3 /* Release */,
			);
			defaultConfigurationIsVisible = 0;
			defaultConfigurationName = Release;
		};
		1799A0482893947900546FC3 /* Build configuration list for PBXNativeTarget "triangle" */ = {
			isa = XCConfigurationList;
			buildConfigurations = (
				1799A0492893947900546FC3 /* Debug */,
				1799A04A2893947900546FC3 /* Release */,
			);
			defaultConfigurationIsVisible = 0;
			defaultConfigurationName = Release;
		};
		1799A05C28968C7200546FC3 /* Build configuration list for PBXNativeTarget "model" */ = {
			isa = XCConfigurationList;
			buildConfigurations = (
				1799A05D28968C7200546FC3 /* Debug */,
				1799A05E28968C7200546FC3 /* Release */,
			);
			defaultConfigurationIsVisible = 0;
			defaultConfigurationName = Release;
		};
		1799A0722896A46600546FC3 /* Build configuration list for PBXNativeTarget "3d_model" */ = {
			isa = XCConfigurationList;
			buildConfigurations = (
				1799A0702896A46600546FC3 /* Debug */,
				1799A0712896A46600546FC3 /* Release */,
			);
			defaultConfigurationIsVisible = 0;
			defaultConfigurationName = Release;
		};
		17D9AE2928BCDCFB004F10EC /* Build configuration list for PBXNativeTarget "camera_to_texture" */ = {
			isa = XCConfigurationList;
			buildConfigurations = (
				17D9AE2728BCDCFB004F10EC /* Debug */,
				17D9AE2828BCDCFB004F10EC /* Release */,
			);
			defaultConfigurationIsVisible = 0;
			defaultConfigurationName = Release;
		};
/* End XCConfigurationList section */
	};
	rootObject = 1799A02128936B4E00546FC3 /* Project object */;
}
