// !$*UTF8*$!
{
	archiveVersion = 1;
	classes = {
	};
	objectVersion = 55;
	objects = {

/* Begin PBXBuildFile section */
		170CB41828C4C90E007B71B0 /* main.mm in Sources */ = {isa = PBXBuildFile; fileRef = 170CB41728C4C90E007B71B0 /* main.mm */; };
		172DE9F128C4CB49008FB530 /* AppKit.framework in Frameworks */ = {isa = PBXBuildFile; fileRef = 1799A03A289374DB00546FC3 /* AppKit.framework */; };
		172DE9F428C4CCCA008FB530 /* MTKRGBTextureRenderer.mm in Sources */ = {isa = PBXBuildFile; fileRef = 172DE9F328C4CCCA008FB530 /* MTKRGBTextureRenderer.mm */; };
		172DE9F528C4CD1C008FB530 /* MetalKit.framework in Frameworks */ = {isa = PBXBuildFile; fileRef = 1799A03428936C2A00546FC3 /* MetalKit.framework */; };
		172DE9F628C4CD22008FB530 /* Metal.framework in Frameworks */ = {isa = PBXBuildFile; fileRef = 1799A0382893710D00546FC3 /* Metal.framework */; };
		172DE9F828C4CF6F008FB530 /* shader2.metal in Sources */ = {isa = PBXBuildFile; fileRef = 172DE9F728C4CF6F008FB530 /* shader2.metal */; };
		172DE9FB28C4D0B6008FB530 /* shader.h in Sources */ = {isa = PBXBuildFile; fileRef = 172DE9FA28C4D072008FB530 /* shader.h */; };
		1799A02D28936B4E00546FC3 /* main.mm in Sources */ = {isa = PBXBuildFile; fileRef = 1799A02C28936B4E00546FC3 /* main.mm */; };
		1799A03528936C2A00546FC3 /* MetalKit.framework in Frameworks */ = {isa = PBXBuildFile; fileRef = 1799A03428936C2A00546FC3 /* MetalKit.framework */; };
		1799A03728936FA000546FC3 /* Foundation.framework in Frameworks */ = {isa = PBXBuildFile; fileRef = 1799A03628936FA000546FC3 /* Foundation.framework */; };
		1799A0392893710D00546FC3 /* Metal.framework in Frameworks */ = {isa = PBXBuildFile; fileRef = 1799A0382893710D00546FC3 /* Metal.framework */; };
		1799A03B289374DB00546FC3 /* AppKit.framework in Frameworks */ = {isa = PBXBuildFile; fileRef = 1799A03A289374DB00546FC3 /* AppKit.framework */; };
		1799A03E289375AE00546FC3 /* MTKViewRenderer.mm in Sources */ = {isa = PBXBuildFile; fileRef = 1799A03C289375AE00546FC3 /* MTKViewRenderer.mm */; };
		1799A04B2893948500546FC3 /* Metal.framework in Frameworks */ = {isa = PBXBuildFile; fileRef = 1799A0382893710D00546FC3 /* Metal.framework */; };
		1799A04C2893948500546FC3 /* MetalKit.framework in Frameworks */ = {isa = PBXBuildFile; fileRef = 1799A03428936C2A00546FC3 /* MetalKit.framework */; };
		1799A04D2893948B00546FC3 /* Foundation.framework in Frameworks */ = {isa = PBXBuildFile; fileRef = 1799A03628936FA000546FC3 /* Foundation.framework */; };
		1799A04E2893949000546FC3 /* AppKit.framework in Frameworks */ = {isa = PBXBuildFile; fileRef = 1799A03A289374DB00546FC3 /* AppKit.framework */; };
		1799A052289394C000546FC3 /* MTKViewRenderer.mm in Sources */ = {isa = PBXBuildFile; fileRef = 1799A04F289394C000546FC3 /* MTKViewRenderer.mm */; };
		1799A053289394C000546FC3 /* main.mm in Sources */ = {isa = PBXBuildFile; fileRef = 1799A050289394C000546FC3 /* main.mm */; };
		1799A05B28968C7200546FC3 /* main.mm in Sources */ = {isa = PBXBuildFile; fileRef = 1799A05A28968C7200546FC3 /* main.mm */; };
		1799A05F28968E5700546FC3 /* MetalKit.framework in Frameworks */ = {isa = PBXBuildFile; fileRef = 1799A03428936C2A00546FC3 /* MetalKit.framework */; };
		1799A06028968E6000546FC3 /* Metal.framework in Frameworks */ = {isa = PBXBuildFile; fileRef = 1799A0382893710D00546FC3 /* Metal.framework */; };
		1799A06228968FF800546FC3 /* ModelIO.framework in Frameworks */ = {isa = PBXBuildFile; fileRef = 1799A06128968FF800546FC3 /* ModelIO.framework */; };
		1799A0652896990200546FC3 /* MTKModelRenderer.mm in Sources */ = {isa = PBXBuildFile; fileRef = 1799A0632896990200546FC3 /* MTKModelRenderer.mm */; };
		1799A067289699B500546FC3 /* AppKit.framework in Frameworks */ = {isa = PBXBuildFile; fileRef = 1799A03A289374DB00546FC3 /* AppKit.framework */; };
		17D9AE3028BCDE03004F10EC /* main.mm in Sources */ = {isa = PBXBuildFile; fileRef = 17D9AE2E28BCDDE8004F10EC /* main.mm */; };
		17D9AE3128BCDE03004F10EC /* MTKNV12TextureRenderer.mm in Sources */ = {isa = PBXBuildFile; fileRef = 17D9AE2D28BCDDE8004F10EC /* MTKNV12TextureRenderer.mm */; };
		17D9AE3228BCDE16004F10EC /* AppKit.framework in Frameworks */ = {isa = PBXBuildFile; fileRef = 1799A03A289374DB00546FC3 /* AppKit.framework */; };
		17D9AE3328BCDE1C004F10EC /* Metal.framework in Frameworks */ = {isa = PBXBuildFile; fileRef = 1799A0382893710D00546FC3 /* Metal.framework */; };
		17D9AE3428BCDE1C004F10EC /* MetalKit.framework in Frameworks */ = {isa = PBXBuildFile; fileRef = 1799A03428936C2A00546FC3 /* MetalKit.framework */; };
		17D9AE3528BCDE33004F10EC /* ModelIO.framework in Frameworks */ = {isa = PBXBuildFile; fileRef = 1799A06128968FF800546FC3 /* ModelIO.framework */; };
		17D9AE3728BCDE8A004F10EC /* CoreVideo.framework in Frameworks */ = {isa = PBXBuildFile; fileRef = 17D9AE3628BCDE8A004F10EC /* CoreVideo.framework */; };
		17D9AE3928BCFCF3004F10EC /* AVFoundation.framework in Frameworks */ = {isa = PBXBuildFile; fileRef = 17D9AE3828BCFCF3004F10EC /* AVFoundation.framework */; };
		17D9AE3E28BF1B9B004F10EC /* CameraSession.mm in Sources */ = {isa = PBXBuildFile; fileRef = 17D9AE3D28BF1B9B004F10EC /* CameraSession.mm */; };
		17D9AE4328BF24AA004F10EC /* CoreFoundation.framework in Frameworks */ = {isa = PBXBuildFile; fileRef = 17D9AE4228BF24AA004F10EC /* CoreFoundation.framework */; };
		17D9AE4528BF252A004F10EC /* CoreMedia.framework in Frameworks */ = {isa = PBXBuildFile; fileRef = 17D9AE4428BF252A004F10EC /* CoreMedia.framework */; };
		17D9AE4728BF5D35004F10EC /* shader1.metal in Sources */ = {isa = PBXBuildFile; fileRef = 17D9AE4628BF5D35004F10EC /* shader1.metal */; };
		CEEEFC2F2973FC4D00A7389E /* train.blend in Resources */ = {isa = PBXBuildFile; fileRef = CEEEFC272973FC4C00A7389E /* train.blend */; };
		CEEEFC302973FC4D00A7389E /* train.hiplc in Resources */ = {isa = PBXBuildFile; fileRef = CEEEFC282973FC4C00A7389E /* train.hiplc */; };
		CEEEFC312973FC4D00A7389E /* train.obj in Resources */ = {isa = PBXBuildFile; fileRef = CEEEFC292973FC4C00A7389E /* train.obj */; };
		CEEEFC322973FC4D00A7389E /* train.mtl in Resources */ = {isa = PBXBuildFile; fileRef = CEEEFC2A2973FC4C00A7389E /* train.mtl */; };
		CEEEFC332973FC4D00A7389E /* train.usd in Resources */ = {isa = PBXBuildFile; fileRef = CEEEFC2B2973FC4C00A7389E /* train.usd */; };
		CEEEFC342973FC4D00A7389E /* MTK3DModelRenderer.mm in Sources */ = {isa = PBXBuildFile; fileRef = CEEEFC2C2973FC4C00A7389E /* MTK3DModelRenderer.mm */; };
		CEEEFC352973FC4D00A7389E /* main.mm in Sources */ = {isa = PBXBuildFile; fileRef = CEEEFC2D2973FC4C00A7389E /* main.mm */; };
		CEEEFC362973FC9600A7389E /* Metal.framework in Frameworks */ = {isa = PBXBuildFile; fileRef = 1799A0382893710D00546FC3 /* Metal.framework */; };
		CEEEFC372973FC9600A7389E /* MetalKit.framework in Frameworks */ = {isa = PBXBuildFile; fileRef = 1799A03428936C2A00546FC3 /* MetalKit.framework */; };
		CEEEFC382973FC9A00A7389E /* AppKit.framework in Frameworks */ = {isa = PBXBuildFile; fileRef = 1799A03A289374DB00546FC3 /* AppKit.framework */; };
		CEEEFC392973FC9E00A7389E /* ModelIO.framework in Frameworks */ = {isa = PBXBuildFile; fileRef = 1799A06128968FF800546FC3 /* ModelIO.framework */; };
/* End PBXBuildFile section */

/* Begin PBXCopyFilesBuildPhase section */
		170CB41328C4C90E007B71B0 /* CopyFiles */ = {
			isa = PBXCopyFilesBuildPhase;
			buildActionMask = 2147483647;
			dstPath = /usr/share/man/man1/;
			dstSubfolderSpec = 0;
			files = (
			);
			runOnlyForDeploymentPostprocessing = 1;
		};
		1799A02728936B4E00546FC3 /* CopyFiles */ = {
			isa = PBXCopyFilesBuildPhase;
			buildActionMask = 2147483647;
			dstPath = /usr/share/man/man1/;
			dstSubfolderSpec = 0;
			files = (
			);
			runOnlyForDeploymentPostprocessing = 1;
		};
		1799A0422893947900546FC3 /* CopyFiles */ = {
			isa = PBXCopyFilesBuildPhase;
			buildActionMask = 2147483647;
			dstPath = /usr/share/man/man1/;
			dstSubfolderSpec = 0;
			files = (
			);
			runOnlyForDeploymentPostprocessing = 1;
		};
		1799A05628968C7200546FC3 /* CopyFiles */ = {
			isa = PBXCopyFilesBuildPhase;
			buildActionMask = 2147483647;
			dstPath = /usr/share/man/man1/;
			dstSubfolderSpec = 0;
			files = (
			);
			runOnlyForDeploymentPostprocessing = 1;
		};
		17D9AE2128BCDCFB004F10EC /* CopyFiles */ = {
			isa = PBXCopyFilesBuildPhase;
			buildActionMask = 2147483647;
			dstPath = /usr/share/man/man1/;
			dstSubfolderSpec = 0;
			files = (
			);
			runOnlyForDeploymentPostprocessing = 1;
		};
/* End PBXCopyFilesBuildPhase section */

/* Begin PBXFileReference section */
		170CB41528C4C90E007B71B0 /* rgb_texture */ = {isa = PBXFileReference; explicitFileType = "compiled.mach-o.executable"; includeInIndex = 0; path = rgb_texture; sourceTree = BUILT_PRODUCTS_DIR; };
		170CB41728C4C90E007B71B0 /* main.mm */ = {isa = PBXFileReference; lastKnownFileType = sourcecode.cpp.objcpp; path = main.mm; sourceTree = "<group>"; };
		172DE9F228C4CCB8008FB530 /* MTKRGBTextureRenderer.h */ = {isa = PBXFileReference; lastKnownFileType = sourcecode.c.h; path = MTKRGBTextureRenderer.h; sourceTree = "<group>"; };
		172DE9F328C4CCCA008FB530 /* MTKRGBTextureRenderer.mm */ = {isa = PBXFileReference; lastKnownFileType = sourcecode.cpp.objcpp; path = MTKRGBTextureRenderer.mm; sourceTree = "<group>"; };
		172DE9F728C4CF6F008FB530 /* shader2.metal */ = {isa = PBXFileReference; lastKnownFileType = sourcecode.metal; path = shader2.metal; sourceTree = "<group>"; };
		172DE9FA28C4D072008FB530 /* shader.h */ = {isa = PBXFileReference; lastKnownFileType = sourcecode.c.h; path = shader.h; sourceTree = "<group>"; };
		1799A02928936B4E00546FC3 /* clear_color */ = {isa = PBXFileReference; explicitFileType = "compiled.mach-o.executable"; includeInIndex = 0; path = clear_color; sourceTree = BUILT_PRODUCTS_DIR; };
		1799A02C28936B4E00546FC3 /* main.mm */ = {isa = PBXFileReference; lastKnownFileType = sourcecode.cpp.objcpp; path = main.mm; sourceTree = "<group>"; };
		1799A03428936C2A00546FC3 /* MetalKit.framework */ = {isa = PBXFileReference; lastKnownFileType = wrapper.framework; name = MetalKit.framework; path = System/Library/Frameworks/MetalKit.framework; sourceTree = SDKROOT; };
		1799A03628936FA000546FC3 /* Foundation.framework */ = {isa = PBXFileReference; lastKnownFileType = wrapper.framework; name = Foundation.framework; path = System/Library/Frameworks/Foundation.framework; sourceTree = SDKROOT; };
		1799A0382893710D00546FC3 /* Metal.framework */ = {isa = PBXFileReference; lastKnownFileType = wrapper.framework; name = Metal.framework; path = System/Library/Frameworks/Metal.framework; sourceTree = SDKROOT; };
		1799A03A289374DB00546FC3 /* AppKit.framework */ = {isa = PBXFileReference; lastKnownFileType = wrapper.framework; name = AppKit.framework; path = System/Library/Frameworks/AppKit.framework; sourceTree = SDKROOT; };
		1799A03C289375AE00546FC3 /* MTKViewRenderer.mm */ = {isa = PBXFileReference; lastKnownFileType = sourcecode.cpp.objcpp; path = MTKViewRenderer.mm; sourceTree = "<group>"; };
		1799A03D289375AE00546FC3 /* MTKViewRenderer.h */ = {isa = PBXFileReference; lastKnownFileType = sourcecode.c.h; path = MTKViewRenderer.h; sourceTree = "<group>"; };
		1799A0442893947900546FC3 /* triangle */ = {isa = PBXFileReference; explicitFileType = "compiled.mach-o.executable"; includeInIndex = 0; path = triangle; sourceTree = BUILT_PRODUCTS_DIR; };
		1799A04F289394C000546FC3 /* MTKViewRenderer.mm */ = {isa = PBXFileReference; fileEncoding = 4; lastKnownFileType = sourcecode.cpp.objcpp; path = MTKViewRenderer.mm; sourceTree = "<group>"; };
		1799A050289394C000546FC3 /* main.mm */ = {isa = PBXFileReference; fileEncoding = 4; lastKnownFileType = sourcecode.cpp.objcpp; path = main.mm; sourceTree = "<group>"; };
		1799A051289394C000546FC3 /* MTKViewRenderer.h */ = {isa = PBXFileReference; fileEncoding = 4; lastKnownFileType = sourcecode.c.h; path = MTKViewRenderer.h; sourceTree = "<group>"; };
		1799A05828968C7200546FC3 /* model */ = {isa = PBXFileReference; explicitFileType = "compiled.mach-o.executable"; includeInIndex = 0; path = model; sourceTree = BUILT_PRODUCTS_DIR; };
		1799A05A28968C7200546FC3 /* main.mm */ = {isa = PBXFileReference; lastKnownFileType = sourcecode.cpp.objcpp; path = main.mm; sourceTree = "<group>"; };
		1799A06128968FF800546FC3 /* ModelIO.framework */ = {isa = PBXFileReference; lastKnownFileType = wrapper.framework; name = ModelIO.framework; path = System/Library/Frameworks/ModelIO.framework; sourceTree = SDKROOT; };
		1799A0632896990200546FC3 /* MTKModelRenderer.mm */ = {isa = PBXFileReference; lastKnownFileType = sourcecode.cpp.objcpp; path = MTKModelRenderer.mm; sourceTree = "<group>"; };
		1799A0642896990200546FC3 /* MTKModelRenderer.h */ = {isa = PBXFileReference; explicitFileType = sourcecode.cpp.h; path = MTKModelRenderer.h; sourceTree = "<group>"; };
		17D9AE2328BCDCFB004F10EC /* nv12_texture */ = {isa = PBXFileReference; explicitFileType = "compiled.mach-o.executable"; includeInIndex = 0; path = nv12_texture; sourceTree = BUILT_PRODUCTS_DIR; };
		17D9AE2D28BCDDE8004F10EC /* MTKNV12TextureRenderer.mm */ = {isa = PBXFileReference; lastKnownFileType = sourcecode.cpp.objcpp; path = MTKNV12TextureRenderer.mm; sourceTree = "<group>"; };
		17D9AE2E28BCDDE8004F10EC /* main.mm */ = {isa = PBXFileReference; lastKnownFileType = sourcecode.cpp.objcpp; path = main.mm; sourceTree = "<group>"; };
		17D9AE2F28BCDDE8004F10EC /* MTKNV12TextureRenderer.h */ = {isa = PBXFileReference; lastKnownFileType = sourcecode.c.h; path = MTKNV12TextureRenderer.h; sourceTree = "<group>"; };
		17D9AE3628BCDE8A004F10EC /* CoreVideo.framework */ = {isa = PBXFileReference; lastKnownFileType = wrapper.framework; name = CoreVideo.framework; path = System/Library/Frameworks/CoreVideo.framework; sourceTree = SDKROOT; };
		17D9AE3828BCFCF3004F10EC /* AVFoundation.framework */ = {isa = PBXFileReference; lastKnownFileType = wrapper.framework; name = AVFoundation.framework; path = System/Library/Frameworks/AVFoundation.framework; sourceTree = SDKROOT; };
		17D9AE3B28BF172E004F10EC /* Info.plist */ = {isa = PBXFileReference; lastKnownFileType = text.plist.xml; path = Info.plist; sourceTree = "<group>"; };
		17D9AE3C28BF1B84004F10EC /* CameraSession.h */ = {isa = PBXFileReference; lastKnownFileType = sourcecode.c.h; path = CameraSession.h; sourceTree = "<group>"; };
		17D9AE3D28BF1B9B004F10EC /* CameraSession.mm */ = {isa = PBXFileReference; lastKnownFileType = sourcecode.cpp.objcpp; path = CameraSession.mm; sourceTree = "<group>"; };
		17D9AE4228BF24AA004F10EC /* CoreFoundation.framework */ = {isa = PBXFileReference; lastKnownFileType = wrapper.framework; name = CoreFoundation.framework; path = System/Library/Frameworks/CoreFoundation.framework; sourceTree = SDKROOT; };
		17D9AE4428BF252A004F10EC /* CoreMedia.framework */ = {isa = PBXFileReference; lastKnownFileType = wrapper.framework; name = CoreMedia.framework; path = System/Library/Frameworks/CoreMedia.framework; sourceTree = SDKROOT; };
		17D9AE4628BF5D35004F10EC /* shader1.metal */ = {isa = PBXFileReference; lastKnownFileType = sourcecode.metal; path = shader1.metal; sourceTree = "<group>"; };
		CEEEFBE42973FB8100A7389E /* train.blend */ = {isa = PBXFileReference; lastKnownFileType = file; path = train.blend; sourceTree = "<group>"; };
		CEEEFBE52973FB8100A7389E /* train.hiplc */ = {isa = PBXFileReference; lastKnownFileType = file; path = train.hiplc; sourceTree = "<group>"; };
		CEEEFBE62973FB8100A7389E /* train.obj */ = {isa = PBXFileReference; lastKnownFileType = text; path = train.obj; sourceTree = "<group>"; };
		CEEEFBE72973FB8100A7389E /* train.mtl */ = {isa = PBXFileReference; lastKnownFileType = text; path = train.mtl; sourceTree = "<group>"; };
		CEEEFBE82973FB8100A7389E /* train.usd */ = {isa = PBXFileReference; lastKnownFileType = file; path = train.usd; sourceTree = "<group>"; };
		CEEEFBE92973FB8100A7389E /* MTK3DModelRenderer.mm */ = {isa = PBXFileReference; lastKnownFileType = sourcecode.cpp.objcpp; path = MTK3DModelRenderer.mm; sourceTree = "<group>"; };
		CEEEFBEA2973FB8100A7389E /* main.mm */ = {isa = PBXFileReference; lastKnownFileType = sourcecode.cpp.objcpp; path = main.mm; sourceTree = "<group>"; };
		CEEEFBEB2973FB8100A7389E /* MTK3DModelRenderer.h */ = {isa = PBXFileReference; lastKnownFileType = sourcecode.c.h; path = MTK3DModelRenderer.h; sourceTree = "<group>"; };
		CEEEFC072973FC1500A7389E /* model_3d.app */ = {isa = PBXFileReference; explicitFileType = wrapper.application; includeInIndex = 0; path = model_3d.app; sourceTree = BUILT_PRODUCTS_DIR; };
		CEEEFC272973FC4C00A7389E /* train.blend */ = {isa = PBXFileReference; lastKnownFileType = file; path = train.blend; sourceTree = "<group>"; };
		CEEEFC282973FC4C00A7389E /* train.hiplc */ = {isa = PBXFileReference; lastKnownFileType = file; path = train.hiplc; sourceTree = "<group>"; };
		CEEEFC292973FC4C00A7389E /* train.obj */ = {isa = PBXFileReference; fileEncoding = 4; lastKnownFileType = text; path = train.obj; sourceTree = "<group>"; };
		CEEEFC2A2973FC4C00A7389E /* train.mtl */ = {isa = PBXFileReference; fileEncoding = 4; lastKnownFileType = text; path = train.mtl; sourceTree = "<group>"; };
		CEEEFC2B2973FC4C00A7389E /* train.usd */ = {isa = PBXFileReference; lastKnownFileType = file; path = train.usd; sourceTree = "<group>"; };
		CEEEFC2C2973FC4C00A7389E /* MTK3DModelRenderer.mm */ = {isa = PBXFileReference; fileEncoding = 4; lastKnownFileType = sourcecode.cpp.objcpp; path = MTK3DModelRenderer.mm; sourceTree = "<group>"; };
		CEEEFC2D2973FC4C00A7389E /* main.mm */ = {isa = PBXFileReference; fileEncoding = 4; lastKnownFileType = sourcecode.cpp.objcpp; path = main.mm; sourceTree = "<group>"; };
		CEEEFC2E2973FC4C00A7389E /* MTK3DModelRenderer.h */ = {isa = PBXFileReference; fileEncoding = 4; lastKnownFileType = sourcecode.c.h; path = MTK3DModelRenderer.h; sourceTree = "<group>"; };
/* End PBXFileReference section */

/* Begin PBXFrameworksBuildPhase section */
		170CB41228C4C90E007B71B0 /* Frameworks */ = {
			isa = PBXFrameworksBuildPhase;
			buildActionMask = 2147483647;
			files = (
				172DE9F128C4CB49008FB530 /* AppKit.framework in Frameworks */,
				172DE9F628C4CD22008FB530 /* Metal.framework in Frameworks */,
				172DE9F528C4CD1C008FB530 /* MetalKit.framework in Frameworks */,
			);
			runOnlyForDeploymentPostprocessing = 0;
		};
		1799A02628936B4E00546FC3 /* Frameworks */ = {
			isa = PBXFrameworksBuildPhase;
			buildActionMask = 2147483647;
			files = (
				1799A03528936C2A00546FC3 /* MetalKit.framework in Frameworks */,
				1799A03B289374DB00546FC3 /* AppKit.framework in Frameworks */,
				1799A0392893710D00546FC3 /* Metal.framework in Frameworks */,
				1799A03728936FA000546FC3 /* Foundation.framework in Frameworks */,
			);
			runOnlyForDeploymentPostprocessing = 0;
		};
		1799A0412893947900546FC3 /* Frameworks */ = {
			isa = PBXFrameworksBuildPhase;
			buildActionMask = 2147483647;
			files = (
				1799A04B2893948500546FC3 /* Metal.framework in Frameworks */,
				1799A04E2893949000546FC3 /* AppKit.framework in Frameworks */,
				1799A04D2893948B00546FC3 /* Foundation.framework in Frameworks */,
				1799A04C2893948500546FC3 /* MetalKit.framework in Frameworks */,
			);
			runOnlyForDeploymentPostprocessing = 0;
		};
		1799A05528968C7200546FC3 /* Frameworks */ = {
			isa = PBXFrameworksBuildPhase;
			buildActionMask = 2147483647;
			files = (
				1799A06228968FF800546FC3 /* ModelIO.framework in Frameworks */,
				1799A067289699B500546FC3 /* AppKit.framework in Frameworks */,
				1799A06028968E6000546FC3 /* Metal.framework in Frameworks */,
				1799A05F28968E5700546FC3 /* MetalKit.framework in Frameworks */,
			);
			runOnlyForDeploymentPostprocessing = 0;
		};
		17D9AE2028BCDCFB004F10EC /* Frameworks */ = {
			isa = PBXFrameworksBuildPhase;
			buildActionMask = 2147483647;
			files = (
				17D9AE4528BF252A004F10EC /* CoreMedia.framework in Frameworks */,
				17D9AE3428BCDE1C004F10EC /* MetalKit.framework in Frameworks */,
				17D9AE3328BCDE1C004F10EC /* Metal.framework in Frameworks */,
				17D9AE3928BCFCF3004F10EC /* AVFoundation.framework in Frameworks */,
				17D9AE4328BF24AA004F10EC /* CoreFoundation.framework in Frameworks */,
				17D9AE3528BCDE33004F10EC /* ModelIO.framework in Frameworks */,
				17D9AE3228BCDE16004F10EC /* AppKit.framework in Frameworks */,
				17D9AE3728BCDE8A004F10EC /* CoreVideo.framework in Frameworks */,
			);
			runOnlyForDeploymentPostprocessing = 0;
		};
		CEEEFC042973FC1500A7389E /* Frameworks */ = {
			isa = PBXFrameworksBuildPhase;
			buildActionMask = 2147483647;
			files = (
				CEEEFC382973FC9A00A7389E /* AppKit.framework in Frameworks */,
				CEEEFC362973FC9600A7389E /* Metal.framework in Frameworks */,
				CEEEFC392973FC9E00A7389E /* ModelIO.framework in Frameworks */,
				CEEEFC372973FC9600A7389E /* MetalKit.framework in Frameworks */,
			);
			runOnlyForDeploymentPostprocessing = 0;
		};
/* End PBXFrameworksBuildPhase section */

/* Begin PBXGroup section */
		170CB41628C4C90E007B71B0 /* rgb_texture */ = {
			isa = PBXGroup;
			children = (
				170CB41728C4C90E007B71B0 /* main.mm */,
				172DE9F228C4CCB8008FB530 /* MTKRGBTextureRenderer.h */,
				172DE9F328C4CCCA008FB530 /* MTKRGBTextureRenderer.mm */,
			);
			path = rgb_texture;
			sourceTree = "<group>";
		};
		1799A02028936B4E00546FC3 = {
			isa = PBXGroup;
			children = (
				CEEEFBE22973FB8100A7389E /* model_3d */,
				17D9AE2C28BCDDE8004F10EC /* nv12_texture */,
				1799A02B28936B4E00546FC3 /* clear_color */,
				1799A0452893947900546FC3 /* triangle */,
				1799A05928968C7200546FC3 /* model */,
				170CB41628C4C90E007B71B0 /* rgb_texture */,
				CEEEFC082973FC1500A7389E /* model_3d */,
				1799A02A28936B4E00546FC3 /* Products */,
				1799A03328936C2A00546FC3 /* Frameworks */,
			);
			sourceTree = "<group>";
		};
		1799A02A28936B4E00546FC3 /* Products */ = {
			isa = PBXGroup;
			children = (
				1799A02928936B4E00546FC3 /* clear_color */,
				1799A0442893947900546FC3 /* triangle */,
				1799A05828968C7200546FC3 /* model */,
				17D9AE2328BCDCFB004F10EC /* nv12_texture */,
				170CB41528C4C90E007B71B0 /* rgb_texture */,
				CEEEFC072973FC1500A7389E /* model_3d.app */,
			);
			name = Products;
			sourceTree = "<group>";
		};
		1799A02B28936B4E00546FC3 /* clear_color */ = {
			isa = PBXGroup;
			children = (
				1799A02C28936B4E00546FC3 /* main.mm */,
				1799A03C289375AE00546FC3 /* MTKViewRenderer.mm */,
				1799A03D289375AE00546FC3 /* MTKViewRenderer.h */,
			);
			path = clear_color;
			sourceTree = "<group>";
		};
		1799A03328936C2A00546FC3 /* Frameworks */ = {
			isa = PBXGroup;
			children = (
				17D9AE4428BF252A004F10EC /* CoreMedia.framework */,
				17D9AE4228BF24AA004F10EC /* CoreFoundation.framework */,
				17D9AE3828BCFCF3004F10EC /* AVFoundation.framework */,
				17D9AE3628BCDE8A004F10EC /* CoreVideo.framework */,
				1799A06128968FF800546FC3 /* ModelIO.framework */,
				1799A03A289374DB00546FC3 /* AppKit.framework */,
				1799A0382893710D00546FC3 /* Metal.framework */,
				1799A03628936FA000546FC3 /* Foundation.framework */,
				1799A03428936C2A00546FC3 /* MetalKit.framework */,
			);
			name = Frameworks;
			sourceTree = "<group>";
		};
		1799A0452893947900546FC3 /* triangle */ = {
			isa = PBXGroup;
			children = (
				1799A050289394C000546FC3 /* main.mm */,
				1799A051289394C000546FC3 /* MTKViewRenderer.h */,
				1799A04F289394C000546FC3 /* MTKViewRenderer.mm */,
			);
			path = triangle;
			sourceTree = "<group>";
		};
		1799A05928968C7200546FC3 /* model */ = {
			isa = PBXGroup;
			children = (
				1799A05A28968C7200546FC3 /* main.mm */,
				1799A0642896990200546FC3 /* MTKModelRenderer.h */,
				1799A0632896990200546FC3 /* MTKModelRenderer.mm */,
			);
			path = model;
			sourceTree = "<group>";
		};
		17D9AE2C28BCDDE8004F10EC /* nv12_texture */ = {
			isa = PBXGroup;
			children = (
				17D9AE2E28BCDDE8004F10EC /* main.mm */,
				17D9AE2F28BCDDE8004F10EC /* MTKNV12TextureRenderer.h */,
				17D9AE2D28BCDDE8004F10EC /* MTKNV12TextureRenderer.mm */,
				17D9AE3B28BF172E004F10EC /* Info.plist */,
				17D9AE3C28BF1B84004F10EC /* CameraSession.h */,
				17D9AE3D28BF1B9B004F10EC /* CameraSession.mm */,
				17D9AE4628BF5D35004F10EC /* shader1.metal */,
				172DE9F728C4CF6F008FB530 /* shader2.metal */,
				172DE9FA28C4D072008FB530 /* shader.h */,
			);
			path = nv12_texture;
			sourceTree = "<group>";
		};
		CEEEFBE22973FB8100A7389E /* model_3d */ = {
			isa = PBXGroup;
			children = (
				CEEEFBE32973FB8100A7389E /* res */,
				CEEEFBE92973FB8100A7389E /* MTK3DModelRenderer.mm */,
				CEEEFBEA2973FB8100A7389E /* main.mm */,
				CEEEFBEB2973FB8100A7389E /* MTK3DModelRenderer.h */,
			);
			path = model_3d;
			sourceTree = "<group>";
		};
		CEEEFBE32973FB8100A7389E /* res */ = {
			isa = PBXGroup;
			children = (
				CEEEFBE42973FB8100A7389E /* train.blend */,
				CEEEFBE52973FB8100A7389E /* train.hiplc */,
				CEEEFBE62973FB8100A7389E /* train.obj */,
				CEEEFBE72973FB8100A7389E /* train.mtl */,
				CEEEFBE82973FB8100A7389E /* train.usd */,
			);
			path = res;
			sourceTree = "<group>";
		};
		CEEEFC082973FC1500A7389E /* model_3d */ = {
			isa = PBXGroup;
			children = (
				CEEEFC262973FC4C00A7389E /* res */,
				CEEEFC2C2973FC4C00A7389E /* MTK3DModelRenderer.mm */,
				CEEEFC2D2973FC4C00A7389E /* main.mm */,
				CEEEFC2E2973FC4C00A7389E /* MTK3DModelRenderer.h */,
			);
			path = model_3d;
			sourceTree = "<group>";
		};
		CEEEFC262973FC4C00A7389E /* res */ = {
			isa = PBXGroup;
			children = (
				CEEEFC272973FC4C00A7389E /* train.blend */,
				CEEEFC282973FC4C00A7389E /* train.hiplc */,
				CEEEFC292973FC4C00A7389E /* train.obj */,
				CEEEFC2A2973FC4C00A7389E /* train.mtl */,
				CEEEFC2B2973FC4C00A7389E /* train.usd */,
			);
			path = res;
			sourceTree = "<group>";
		};
/* End PBXGroup section */

/* Begin PBXNativeTarget section */
		170CB41428C4C90E007B71B0 /* rgb_texture */ = {
			isa = PBXNativeTarget;
			buildConfigurationList = 170CB41928C4C90E007B71B0 /* Build configuration list for PBXNativeTarget "rgb_texture" */;
			buildPhases = (
				170CB41128C4C90E007B71B0 /* Sources */,
				170CB41228C4C90E007B71B0 /* Frameworks */,
				170CB41328C4C90E007B71B0 /* CopyFiles */,
			);
			buildRules = (
			);
			dependencies = (
			);
			name = rgb_texture;
			productName = texture;
			productReference = 170CB41528C4C90E007B71B0 /* rgb_texture */;
			productType = "com.apple.product-type.tool";
		};
		1799A02828936B4E00546FC3 /* clear_color */ = {
			isa = PBXNativeTarget;
			buildConfigurationList = 1799A03028936B4E00546FC3 /* Build configuration list for PBXNativeTarget "clear_color" */;
			buildPhases = (
				1799A02528936B4E00546FC3 /* Sources */,
				1799A02628936B4E00546FC3 /* Frameworks */,
				1799A02728936B4E00546FC3 /* CopyFiles */,
			);
			buildRules = (
			);
			dependencies = (
			);
			name = clear_color;
			productName = "metal-test";
			productReference = 1799A02928936B4E00546FC3 /* clear_color */;
			productType = "com.apple.product-type.tool";
		};
		1799A0432893947900546FC3 /* triangle */ = {
			isa = PBXNativeTarget;
			buildConfigurationList = 1799A0482893947900546FC3 /* Build configuration list for PBXNativeTarget "triangle" */;
			buildPhases = (
				1799A0402893947900546FC3 /* Sources */,
				1799A0412893947900546FC3 /* Frameworks */,
				1799A0422893947900546FC3 /* CopyFiles */,
			);
			buildRules = (
			);
			dependencies = (
			);
			name = triangle;
			productName = triangle;
			productReference = 1799A0442893947900546FC3 /* triangle */;
			productType = "com.apple.product-type.tool";
		};
		1799A05728968C7200546FC3 /* model */ = {
			isa = PBXNativeTarget;
			buildConfigurationList = 1799A05C28968C7200546FC3 /* Build configuration list for PBXNativeTarget "model" */;
			buildPhases = (
				1799A05428968C7200546FC3 /* Sources */,
				1799A05528968C7200546FC3 /* Frameworks */,
				1799A05628968C7200546FC3 /* CopyFiles */,
			);
			buildRules = (
			);
			dependencies = (
			);
			name = model;
			productName = 3d_model;
			productReference = 1799A05828968C7200546FC3 /* model */;
			productType = "com.apple.product-type.tool";
		};
		17D9AE2228BCDCFB004F10EC /* nv12_texture */ = {
			isa = PBXNativeTarget;
			buildConfigurationList = 17D9AE2928BCDCFB004F10EC /* Build configuration list for PBXNativeTarget "nv12_texture" */;
			buildPhases = (
				17D9AE1F28BCDCFB004F10EC /* Sources */,
				17D9AE2028BCDCFB004F10EC /* Frameworks */,
				17D9AE2128BCDCFB004F10EC /* CopyFiles */,
			);
			buildRules = (
			);
			dependencies = (
			);
			name = nv12_texture;
			productName = camera_to_texture;
			productReference = 17D9AE2328BCDCFB004F10EC /* nv12_texture */;
			productType = "com.apple.product-type.tool";
		};
		CEEEFC062973FC1500A7389E /* model_3d */ = {
			isa = PBXNativeTarget;
			buildConfigurationList = CEEEFC172973FC1600A7389E /* Build configuration list for PBXNativeTarget "model_3d" */;
			buildPhases = (
				CEEEFC032973FC1500A7389E /* Sources */,
				CEEEFC042973FC1500A7389E /* Frameworks */,
				CEEEFC052973FC1500A7389E /* Resources */,
			);
			buildRules = (
			);
			dependencies = (
			);
			name = model_3d;
			productName = model_3d;
			productReference = CEEEFC072973FC1500A7389E /* model_3d.app */;
			productType = "com.apple.product-type.application";
		};
/* End PBXNativeTarget section */

/* Begin PBXProject section */
		1799A02128936B4E00546FC3 /* Project object */ = {
			isa = PBXProject;
			attributes = {
				BuildIndependentTargetsInParallel = 1;
				LastUpgradeCheck = 1340;
				TargetAttributes = {
					170CB41428C4C90E007B71B0 = {
						CreatedOnToolsVersion = 13.4;
					};
					1799A02828936B4E00546FC3 = {
						CreatedOnToolsVersion = 13.4;
					};
					1799A0432893947900546FC3 = {
						CreatedOnToolsVersion = 13.4;
					};
					1799A05728968C7200546FC3 = {
						CreatedOnToolsVersion = 13.4;
					};
					17D9AE2228BCDCFB004F10EC = {
						CreatedOnToolsVersion = 13.4;
					};
					CEEEFC062973FC1500A7389E = {
						CreatedOnToolsVersion = 14.0.1;
					};
				};
			};
			buildConfigurationList = 1799A02428936B4E00546FC3 /* Build configuration list for PBXProject "metal-test" */;
			compatibilityVersion = "Xcode 13.0";
			developmentRegion = en;
			hasScannedForEncodings = 0;
			knownRegions = (
				en,
				Base,
			);
			mainGroup = 1799A02028936B4E00546FC3;
			productRefGroup = 1799A02A28936B4E00546FC3 /* Products */;
			projectDirPath = "";
			projectRoot = "";
			targets = (
				1799A02828936B4E00546FC3 /* clear_color */,
				1799A0432893947900546FC3 /* triangle */,
				1799A05728968C7200546FC3 /* model */,
				17D9AE2228BCDCFB004F10EC /* nv12_texture */,
				170CB41428C4C90E007B71B0 /* rgb_texture */,
				CEEEFC062973FC1500A7389E /* model_3d */,
			);
		};
/* End PBXProject section */

/* Begin PBXResourcesBuildPhase section */
		CEEEFC052973FC1500A7389E /* Resources */ = {
			isa = PBXResourcesBuildPhase;
			buildActionMask = 2147483647;
			files = (
				CEEEFC312973FC4D00A7389E /* train.obj in Resources */,
				CEEEFC302973FC4D00A7389E /* train.hiplc in Resources */,
				CEEEFC2F2973FC4D00A7389E /* train.blend in Resources */,
				CEEEFC332973FC4D00A7389E /* train.usd in Resources */,
				CEEEFC322973FC4D00A7389E /* train.mtl in Resources */,
			);
			runOnlyForDeploymentPostprocessing = 0;
		};
/* End PBXResourcesBuildPhase section */

/* Begin PBXSourcesBuildPhase section */
		170CB41128C4C90E007B71B0 /* Sources */ = {
			isa = PBXSourcesBuildPhase;
			buildActionMask = 2147483647;
			files = (
				170CB41828C4C90E007B71B0 /* main.mm in Sources */,
				172DE9F428C4CCCA008FB530 /* MTKRGBTextureRenderer.mm in Sources */,
			);
			runOnlyForDeploymentPostprocessing = 0;
		};
		1799A02528936B4E00546FC3 /* Sources */ = {
			isa = PBXSourcesBuildPhase;
			buildActionMask = 2147483647;
			files = (
				1799A03E289375AE00546FC3 /* MTKViewRenderer.mm in Sources */,
				1799A02D28936B4E00546FC3 /* main.mm in Sources */,
			);
			runOnlyForDeploymentPostprocessing = 0;
		};
		1799A0402893947900546FC3 /* Sources */ = {
			isa = PBXSourcesBuildPhase;
			buildActionMask = 2147483647;
			files = (
				1799A053289394C000546FC3 /* main.mm in Sources */,
				1799A052289394C000546FC3 /* MTKViewRenderer.mm in Sources */,
			);
			runOnlyForDeploymentPostprocessing = 0;
		};
		1799A05428968C7200546FC3 /* Sources */ = {
			isa = PBXSourcesBuildPhase;
			buildActionMask = 2147483647;
			files = (
				1799A05B28968C7200546FC3 /* main.mm in Sources */,
				1799A0652896990200546FC3 /* MTKModelRenderer.mm in Sources */,
			);
			runOnlyForDeploymentPostprocessing = 0;
		};
		17D9AE1F28BCDCFB004F10EC /* Sources */ = {
			isa = PBXSourcesBuildPhase;
			buildActionMask = 2147483647;
			files = (
				172DE9FB28C4D0B6008FB530 /* shader.h in Sources */,
				172DE9F828C4CF6F008FB530 /* shader2.metal in Sources */,
				17D9AE4728BF5D35004F10EC /* shader1.metal in Sources */,
				17D9AE3028BCDE03004F10EC /* main.mm in Sources */,
				17D9AE3128BCDE03004F10EC /* MTKNV12TextureRenderer.mm in Sources */,
				17D9AE3E28BF1B9B004F10EC /* CameraSession.mm in Sources */,
			);
			runOnlyForDeploymentPostprocessing = 0;
		};
		CEEEFC032973FC1500A7389E /* Sources */ = {
			isa = PBXSourcesBuildPhase;
			buildActionMask = 2147483647;
			files = (
				CEEEFC352973FC4D00A7389E /* main.mm in Sources */,
				CEEEFC342973FC4D00A7389E /* MTK3DModelRenderer.mm in Sources */,
			);
			runOnlyForDeploymentPostprocessing = 0;
		};
/* End PBXSourcesBuildPhase section */

/* Begin XCBuildConfiguration section */
		170CB41A28C4C90E007B71B0 /* Debug */ = {
			isa = XCBuildConfiguration;
			buildSettings = {
				CODE_SIGN_STYLE = Automatic;
				DEVELOPMENT_TEAM = "";
				ENABLE_HARDENED_RUNTIME = YES;
				PRODUCT_NAME = "$(TARGET_NAME)";
			};
			name = Debug;
		};
		170CB41B28C4C90E007B71B0 /* Release */ = {
			isa = XCBuildConfiguration;
			buildSettings = {
				CODE_SIGN_STYLE = Automatic;
				DEVELOPMENT_TEAM = "";
				ENABLE_HARDENED_RUNTIME = YES;
				PRODUCT_NAME = "$(TARGET_NAME)";
			};
			name = Release;
		};
		1799A02E28936B4E00546FC3 /* Debug */ = {
			isa = XCBuildConfiguration;
			buildSettings = {
				ALWAYS_SEARCH_USER_PATHS = NO;
				CLANG_ANALYZER_NONNULL = YES;
				CLANG_ANALYZER_NUMBER_OBJECT_CONVERSION = YES_AGGRESSIVE;
				CLANG_CXX_LANGUAGE_STANDARD = "gnu++17";
				CLANG_ENABLE_MODULES = YES;
				CLANG_ENABLE_OBJC_ARC = YES;
				CLANG_ENABLE_OBJC_WEAK = YES;
				CLANG_WARN_BLOCK_CAPTURE_AUTORELEASING = YES;
				CLANG_WARN_BOOL_CONVERSION = YES;
				CLANG_WARN_COMMA = YES;
				CLANG_WARN_CONSTANT_CONVERSION = YES;
				CLANG_WARN_DEPRECATED_OBJC_IMPLEMENTATIONS = YES;
				CLANG_WARN_DIRECT_OBJC_ISA_USAGE = YES_ERROR;
				CLANG_WARN_DOCUMENTATION_COMMENTS = YES;
				CLANG_WARN_EMPTY_BODY = YES;
				CLANG_WARN_ENUM_CONVERSION = YES;
				CLANG_WARN_INFINITE_RECURSION = YES;
				CLANG_WARN_INT_CONVERSION = YES;
				CLANG_WARN_NON_LITERAL_NULL_CONVERSION = YES;
				CLANG_WARN_OBJC_IMPLICIT_RETAIN_SELF = YES;
				CLANG_WARN_OBJC_LITERAL_CONVERSION = YES;
				CLANG_WARN_OBJC_ROOT_CLASS = YES_ERROR;
				CLANG_WARN_QUOTED_INCLUDE_IN_FRAMEWORK_HEADER = YES;
				CLANG_WARN_RANGE_LOOP_ANALYSIS = YES;
				CLANG_WARN_STRICT_PROTOTYPES = YES;
				CLANG_WARN_SUSPICIOUS_MOVE = YES;
				CLANG_WARN_UNGUARDED_AVAILABILITY = YES_AGGRESSIVE;
				CLANG_WARN_UNREACHABLE_CODE = YES;
				CLANG_WARN__DUPLICATE_METHOD_MATCH = YES;
				COPY_PHASE_STRIP = NO;
				DEBUG_INFORMATION_FORMAT = dwarf;
				ENABLE_STRICT_OBJC_MSGSEND = YES;
				ENABLE_TESTABILITY = YES;
				GCC_C_LANGUAGE_STANDARD = gnu11;
				GCC_DYNAMIC_NO_PIC = NO;
				GCC_NO_COMMON_BLOCKS = YES;
				GCC_OPTIMIZATION_LEVEL = 0;
				GCC_PREPROCESSOR_DEFINITIONS = (
					"DEBUG=1",
					"$(inherited)",
				);
				GCC_WARN_64_TO_32_BIT_CONVERSION = YES;
				GCC_WARN_ABOUT_RETURN_TYPE = YES_ERROR;
				GCC_WARN_UNDECLARED_SELECTOR = YES;
				GCC_WARN_UNINITIALIZED_AUTOS = YES_AGGRESSIVE;
				GCC_WARN_UNUSED_FUNCTION = YES;
				GCC_WARN_UNUSED_VARIABLE = YES;
				MACOSX_DEPLOYMENT_TARGET = 12.2;
				MTL_ENABLE_DEBUG_INFO = INCLUDE_SOURCE;
				MTL_FAST_MATH = YES;
				ONLY_ACTIVE_ARCH = YES;
				SDKROOT = macosx;
			};
			name = Debug;
		};
		1799A02F28936B4E00546FC3 /* Release */ = {
			isa = XCBuildConfiguration;
			buildSettings = {
				ALWAYS_SEARCH_USER_PATHS = NO;
				CLANG_ANALYZER_NONNULL = YES;
				CLANG_ANALYZER_NUMBER_OBJECT_CONVERSION = YES_AGGRESSIVE;
				CLANG_CXX_LANGUAGE_STANDARD = "gnu++17";
				CLANG_ENABLE_MODULES = YES;
				CLANG_ENABLE_OBJC_ARC = YES;
				CLANG_ENABLE_OBJC_WEAK = YES;
				CLANG_WARN_BLOCK_CAPTURE_AUTORELEASING = YES;
				CLANG_WARN_BOOL_CONVERSION = YES;
				CLANG_WARN_COMMA = YES;
				CLANG_WARN_CONSTANT_CONVERSION = YES;
				CLANG_WARN_DEPRECATED_OBJC_IMPLEMENTATIONS = YES;
				CLANG_WARN_DIRECT_OBJC_ISA_USAGE = YES_ERROR;
				CLANG_WARN_DOCUMENTATION_COMMENTS = YES;
				CLANG_WARN_EMPTY_BODY = YES;
				CLANG_WARN_ENUM_CONVERSION = YES;
				CLANG_WARN_INFINITE_RECURSION = YES;
				CLANG_WARN_INT_CONVERSION = YES;
				CLANG_WARN_NON_LITERAL_NULL_CONVERSION = YES;
				CLANG_WARN_OBJC_IMPLICIT_RETAIN_SELF = YES;
				CLANG_WARN_OBJC_LITERAL_CONVERSION = YES;
				CLANG_WARN_OBJC_ROOT_CLASS = YES_ERROR;
				CLANG_WARN_QUOTED_INCLUDE_IN_FRAMEWORK_HEADER = YES;
				CLANG_WARN_RANGE_LOOP_ANALYSIS = YES;
				CLANG_WARN_STRICT_PROTOTYPES = YES;
				CLANG_WARN_SUSPICIOUS_MOVE = YES;
				CLANG_WARN_UNGUARDED_AVAILABILITY = YES_AGGRESSIVE;
				CLANG_WARN_UNREACHABLE_CODE = YES;
				CLANG_WARN__DUPLICATE_METHOD_MATCH = YES;
				COPY_PHASE_STRIP = NO;
				DEBUG_INFORMATION_FORMAT = "dwarf-with-dsym";
				ENABLE_NS_ASSERTIONS = NO;
				ENABLE_STRICT_OBJC_MSGSEND = YES;
				GCC_C_LANGUAGE_STANDARD = gnu11;
				GCC_NO_COMMON_BLOCKS = YES;
				GCC_WARN_64_TO_32_BIT_CONVERSION = YES;
				GCC_WARN_ABOUT_RETURN_TYPE = YES_ERROR;
				GCC_WARN_UNDECLARED_SELECTOR = YES;
				GCC_WARN_UNINITIALIZED_AUTOS = YES_AGGRESSIVE;
				GCC_WARN_UNUSED_FUNCTION = YES;
				GCC_WARN_UNUSED_VARIABLE = YES;
				MACOSX_DEPLOYMENT_TARGET = 12.2;
				MTL_ENABLE_DEBUG_INFO = NO;
				MTL_FAST_MATH = YES;
				SDKROOT = macosx;
			};
			name = Release;
		};
		1799A03128936B4E00546FC3 /* Debug */ = {
			isa = XCBuildConfiguration;
			buildSettings = {
				CODE_SIGN_STYLE = Automatic;
				PRODUCT_NAME = "$(TARGET_NAME)";
			};
			name = Debug;
		};
		1799A03228936B4E00546FC3 /* Release */ = {
			isa = XCBuildConfiguration;
			buildSettings = {
				CODE_SIGN_STYLE = Automatic;
				PRODUCT_NAME = "$(TARGET_NAME)";
			};
			name = Release;
		};
		1799A0492893947900546FC3 /* Debug */ = {
			isa = XCBuildConfiguration;
			buildSettings = {
				CODE_SIGN_STYLE = Automatic;
				PRODUCT_NAME = "$(TARGET_NAME)";
			};
			name = Debug;
		};
		1799A04A2893947900546FC3 /* Release */ = {
			isa = XCBuildConfiguration;
			buildSettings = {
				CODE_SIGN_STYLE = Automatic;
				PRODUCT_NAME = "$(TARGET_NAME)";
			};
			name = Release;
		};
		1799A05D28968C7200546FC3 /* Debug */ = {
			isa = XCBuildConfiguration;
			buildSettings = {
				CODE_SIGN_STYLE = Automatic;
				PRODUCT_NAME = "$(TARGET_NAME)";
			};
			name = Debug;
		};
		1799A05E28968C7200546FC3 /* Release */ = {
			isa = XCBuildConfiguration;
			buildSettings = {
				CODE_SIGN_STYLE = Automatic;
				PRODUCT_NAME = "$(TARGET_NAME)";
			};
			name = Release;
		};
		17D9AE2728BCDCFB004F10EC /* Debug */ = {
			isa = XCBuildConfiguration;
			buildSettings = {
				CODE_SIGN_STYLE = Automatic;
				INFOPLIST_FILE = "$(SRCROOT)/camera_to_texture/Info.plist";
				PRODUCT_NAME = "$(TARGET_NAME)";
			};
			name = Debug;
		};
		17D9AE2828BCDCFB004F10EC /* Release */ = {
			isa = XCBuildConfiguration;
			buildSettings = {
				CODE_SIGN_STYLE = Automatic;
				INFOPLIST_FILE = "$(SRCROOT)/camera_to_texture/Info.plist";
				PRODUCT_NAME = "$(TARGET_NAME)";
			};
			name = Release;
		};
		CEEEFC182973FC1600A7389E /* Debug */ = {
			isa = XCBuildConfiguration;
			buildSettings = {
				ASSETCATALOG_COMPILER_APPICON_NAME = AppIcon;
				ASSETCATALOG_COMPILER_GLOBAL_ACCENT_COLOR_NAME = AccentColor;
				CLANG_CXX_LANGUAGE_STANDARD = "gnu++20";
				CODE_SIGN_ENTITLEMENTS = "";
				"CODE_SIGN_IDENTITY[sdk=macosx*]" = "-";
				CODE_SIGN_STYLE = Automatic;
				COMBINE_HIDPI_IMAGES = YES;
				CURRENT_PROJECT_VERSION = 1;
				DEVELOPMENT_TEAM = Z27J28NH32;
				ENABLE_HARDENED_RUNTIME = YES;
				GENERATE_INFOPLIST_FILE = YES;
				INFOPLIST_KEY_NSHumanReadableCopyright = "";
				INFOPLIST_KEY_NSMainStoryboardFile = Main;
				INFOPLIST_KEY_NSPrincipalClass = NSApplication;
				LD_RUNPATH_SEARCH_PATHS = (
					"$(inherited)",
					"@executable_path/../Frameworks",
				);
				MACOSX_DEPLOYMENT_TARGET = 12.3;
				MARKETING_VERSION = 1.0;
				PRODUCT_BUNDLE_IDENTIFIER = "charles.model-3d";
				PRODUCT_NAME = "$(TARGET_NAME)";
				SWIFT_EMIT_LOC_STRINGS = YES;
			};
			name = Debug;
		};
		CEEEFC192973FC1600A7389E /* Release */ = {
			isa = XCBuildConfiguration;
			buildSettings = {
				ASSETCATALOG_COMPILER_APPICON_NAME = AppIcon;
				ASSETCATALOG_COMPILER_GLOBAL_ACCENT_COLOR_NAME = AccentColor;
				CLANG_CXX_LANGUAGE_STANDARD = "gnu++20";
				CODE_SIGN_ENTITLEMENTS = "";
				CODE_SIGN_STYLE = Automatic;
				COMBINE_HIDPI_IMAGES = YES;
				CURRENT_PROJECT_VERSION = 1;
				DEVELOPMENT_TEAM = Z27J28NH32;
				ENABLE_HARDENED_RUNTIME = YES;
				GENERATE_INFOPLIST_FILE = YES;
				INFOPLIST_KEY_NSHumanReadableCopyright = "";
				INFOPLIST_KEY_NSMainStoryboardFile = Main;
				INFOPLIST_KEY_NSPrincipalClass = NSApplication;
				LD_RUNPATH_SEARCH_PATHS = (
					"$(inherited)",
					"@executable_path/../Frameworks",
				);
				MACOSX_DEPLOYMENT_TARGET = 12.3;
				MARKETING_VERSION = 1.0;
				PRODUCT_BUNDLE_IDENTIFIER = "charles.model-3d";
				PRODUCT_NAME = "$(TARGET_NAME)";
				SWIFT_EMIT_LOC_STRINGS = YES;
			};
			name = Release;
		};
/* End XCBuildConfiguration section */

/* Begin XCConfigurationList section */
		170CB41928C4C90E007B71B0 /* Build configuration list for PBXNativeTarget "rgb_texture" */ = {
			isa = XCConfigurationList;
			buildConfigurations = (
				170CB41A28C4C90E007B71B0 /* Debug */,
				170CB41B28C4C90E007B71B0 /* Release */,
			);
			defaultConfigurationIsVisible = 0;
			defaultConfigurationName = Release;
		};
		1799A02428936B4E00546FC3 /* Build configuration list for PBXProject "metal-test" */ = {
			isa = XCConfigurationList;
			buildConfigurations = (
				1799A02E28936B4E00546FC3 /* Debug */,
				1799A02F28936B4E00546FC3 /* Release */,
			);
			defaultConfigurationIsVisible = 0;
			defaultConfigurationName = Release;
		};
		1799A03028936B4E00546FC3 /* Build configuration list for PBXNativeTarget "clear_color" */ = {
			isa = XCConfigurationList;
			buildConfigurations = (
				1799A03128936B4E00546FC3 /* Debug */,
				1799A03228936B4E00546FC3 /* Release */,
			);
			defaultConfigurationIsVisible = 0;
			defaultConfigurationName = Release;
		};
		1799A0482893947900546FC3 /* Build configuration list for PBXNativeTarget "triangle" */ = {
			isa = XCConfigurationList;
			buildConfigurations = (
				1799A0492893947900546FC3 /* Debug */,
				1799A04A2893947900546FC3 /* Release */,
			);
			defaultConfigurationIsVisible = 0;
			defaultConfigurationName = Release;
		};
		1799A05C28968C7200546FC3 /* Build configuration list for PBXNativeTarget "model" */ = {
			isa = XCConfigurationList;
			buildConfigurations = (
				1799A05D28968C7200546FC3 /* Debug */,
				1799A05E28968C7200546FC3 /* Release */,
			);
			defaultConfigurationIsVisible = 0;
			defaultConfigurationName = Release;
		};
		17D9AE2928BCDCFB004F10EC /* Build configuration list for PBXNativeTarget "nv12_texture" */ = {
			isa = XCConfigurationList;
			buildConfigurations = (
				17D9AE2728BCDCFB004F10EC /* Debug */,
				17D9AE2828BCDCFB004F10EC /* Release */,
			);
			defaultConfigurationIsVisible = 0;
			defaultConfigurationName = Release;
		};
		CEEEFC172973FC1600A7389E /* Build configuration list for PBXNativeTarget "model_3d" */ = {
			isa = XCConfigurationList;
			buildConfigurations = (
				CEEEFC182973FC1600A7389E /* Debug */,
				CEEEFC192973FC1600A7389E /* Release */,
			);
			defaultConfigurationIsVisible = 0;
			defaultConfigurationName = Release;
		};
/* End XCConfigurationList section */
	};
	rootObject = 1799A02128936B4E00546FC3 /* Project object */;
}
